
Microsoft Visual Studio Solution File, Format Version 12.00
# Visual Studio Version 17
VisualStudioVersion = 17.0.32014.148
MinimumVisualStudioVersion = 10.0.40219.1
Project("{F184B08F-C81C-45F6-A57F-5ABD9991F28F}") = "Viewer", "Viewer.vbproj", "{967BE9F3-CF77-45A5-B546-9AB6EFA198FE}"
EndProject
Global
	GlobalSection(SolutionConfigurationPlatforms) = preSolution
		Debug|x64 = Debug|x64
		Debug|x86 = Debug|x86
		ReleasePRO|x64 = ReleasePRO|x64
		ReleasePRO|x86 = ReleasePRO|x86
		ReleaseRES|x64 = ReleaseRES|x64
		ReleaseRES|x86 = ReleaseRES|x86
	EndGlobalSection
	GlobalSection(ProjectConfigurationPlatforms) = postSolution
		{967BE9F3-CF77-45A5-B546-9AB6EFA198FE}.Debug|x64.ActiveCfg = Debug|x64
		{967BE9F3-CF77-45A5-B546-9AB6EFA198FE}.Debug|x64.Build.0 = Debug|x64
		{967BE9F3-CF77-45A5-B546-9AB6EFA198FE}.Debug|x86.ActiveCfg = Debug|x86
		{967BE9F3-CF77-45A5-B546-9AB6EFA198FE}.Debug|x86.Build.0 = Debug|x86
		{967BE9F3-CF77-45A5-B546-9AB6EFA198FE}.ReleasePRO|x64.ActiveCfg = ReleasePRO|x64
		{967BE9F3-CF77-45A5-B546-9AB6EFA198FE}.ReleasePRO|x64.Build.0 = ReleasePRO|x64
		{967BE9F3-CF77-45A5-B546-9AB6EFA198FE}.ReleasePRO|x86.ActiveCfg = ReleasePRO|x86
		{967BE9F3-CF77-45A5-B546-9AB6EFA198FE}.ReleasePRO|x86.Build.0 = ReleasePRO|x86
		{967BE9F3-CF77-45A5-B546-9AB6EFA198FE}.ReleaseRES|x64.ActiveCfg = ReleaseRES|x64
		{967BE9F3-CF77-45A5-B546-9AB6EFA198FE}.ReleaseRES|x64.Build.0 = ReleaseRES|x64
		{967BE9F3-CF77-45A5-B546-9AB6EFA198FE}.ReleaseRES|x86.ActiveCfg = ReleaseRES|x86
		{967BE9F3-CF77-45A5-B546-9AB6EFA198FE}.ReleaseRES|x86.Build.0 = ReleaseRES|x86
	EndGlobalSection
	GlobalSection(SolutionProperties) = preSolution
		HideSolutionNode = FALSE
	EndGlobalSection
	GlobalSection(ExtensibilityGlobals) = postSolution
		SolutionGuid = {7F00D29F-33D3-440F-827B-D880CFF31344}
	EndGlobalSection
EndGlobal
